
Microsoft Visual Studio Solution File, Format Version 12.00
# Visual Studio Version 17
VisualStudioVersion = 17.8.34309.116
MinimumVisualStudioVersion = 10.0.40219.1
Project("{9A19103F-16F7-4668-BE54-9A1E7A4F7556}") = "POS System", "POS System\POS System.csproj", "{54080E02-302A-43C9-BAD4-E5C37742BEC8}"
EndProject
Project("{9A19103F-16F7-4668-BE54-9A1E7A4F7556}") = "TestApi", "TestApi\TestApi.csproj", "{E54A72D7-78B4-4447-A954-89D2238247A7}"
EndProject
Project("{FAE04EC0-301F-11D3-BF4B-00C04F79EFBC}") = "Android_POS_System", "Android_POS_System\Android_POS_System.csproj", "{D7E303E0-5929-4303-9923-7F34B074EA32}"
EndProject
Project("{FAE04EC0-301F-11D3-BF4B-00C04F79EFBC}") = "MangoMartDbService", "MangoMartDbService\MangoMartDbService.csproj", "{09AD8E6E-C95F-47DE-97FC-89C53561490C}"
EndProject
Global
	GlobalSection(SolutionConfigurationPlatforms) = preSolution
		Debug|Any CPU = Debug|Any CPU
		Release|Any CPU = Release|Any CPU
	EndGlobalSection
	GlobalSection(ProjectConfigurationPlatforms) = postSolution
		{54080E02-302A-43C9-BAD4-E5C37742BEC8}.Debug|Any CPU.ActiveCfg = Debug|Any CPU
		{54080E02-302A-43C9-BAD4-E5C37742BEC8}.Debug|Any CPU.Build.0 = Debug|Any CPU
		{54080E02-302A-43C9-BAD4-E5C37742BEC8}.Release|Any CPU.ActiveCfg = Release|Any CPU
		{54080E02-302A-43C9-BAD4-E5C37742BEC8}.Release|Any CPU.Build.0 = Release|Any CPU
		{E54A72D7-78B4-4447-A954-89D2238247A7}.Debug|Any CPU.ActiveCfg = Debug|Any CPU
		{E54A72D7-78B4-4447-A954-89D2238247A7}.Debug|Any CPU.Build.0 = Debug|Any CPU
		{E54A72D7-78B4-4447-A954-89D2238247A7}.Release|Any CPU.ActiveCfg = Release|Any CPU
		{E54A72D7-78B4-4447-A954-89D2238247A7}.Release|Any CPU.Build.0 = Release|Any CPU
		{D7E303E0-5929-4303-9923-7F34B074EA32}.Debug|Any CPU.ActiveCfg = Debug|Any CPU
		{D7E303E0-5929-4303-9923-7F34B074EA32}.Debug|Any CPU.Build.0 = Debug|Any CPU
		{D7E303E0-5929-4303-9923-7F34B074EA32}.Debug|Any CPU.Deploy.0 = Debug|Any CPU
		{D7E303E0-5929-4303-9923-7F34B074EA32}.Release|Any CPU.ActiveCfg = Release|Any CPU
		{D7E303E0-5929-4303-9923-7F34B074EA32}.Release|Any CPU.Build.0 = Release|Any CPU
		{D7E303E0-5929-4303-9923-7F34B074EA32}.Release|Any CPU.Deploy.0 = Release|Any CPU
		{09AD8E6E-C95F-47DE-97FC-89C53561490C}.Debug|Any CPU.ActiveCfg = Debug|Any CPU
		{09AD8E6E-C95F-47DE-97FC-89C53561490C}.Debug|Any CPU.Build.0 = Debug|Any CPU
		{09AD8E6E-C95F-47DE-97FC-89C53561490C}.Release|Any CPU.ActiveCfg = Release|Any CPU
		{09AD8E6E-C95F-47DE-97FC-89C53561490C}.Release|Any CPU.Build.0 = Release|Any CPU
	EndGlobalSection
	GlobalSection(SolutionProperties) = preSolution
		HideSolutionNode = FALSE
	EndGlobalSection
	GlobalSection(ExtensibilityGlobals) = postSolution
		SolutionGuid = {CB4C2199-D204-45B9-ABD6-D2193FFA3022}
	EndGlobalSection
EndGlobal
